dependencies:
- name: velero
  repository: https://vmware-tanzu.github.io/helm-charts
  version: 5.2.2
- name: minio
  repository: https://charts.bitnami.com/bitnami
  version: 13.2.0
digest: sha256:6f7778d2038dea04d241f163916a83e433e733fad9dfb31fd8f5afa3df3d69f2
generated: "2024-01-22T14:03:21.105545+01:00"
