dependencies:
- name: test-base
  repository: https://pluralsh.github.io/module-library
  version: 0.1.10
- name: controller
  repository: file://../../../charts/controller
  version: 0.0.80
- name: kubernetes-dashboard
  repository: https://kubernetes.github.io/dashboard
  version: 7.6.1
digest: sha256:79a3a97bcd2c8e8b200fdfc9a1a354c1edf618b7e8a28d56eb47c6600bd2384b
generated: "2024-09-17T09:30:41.045552+02:00"
