dependencies:
- name: test-base
  repository: https://pluralsh.github.io/module-library
  version: 0.1.10
- name: controller
  repository: file://../../../charts/controller
  version: 0.0.59
- name: kubernetes-dashboard
  repository: https://kubernetes.github.io/dashboard
  version: 7.5.0
digest: sha256:ca0939624ae5f6caa28273505243c224e085f972b2e786e0d0fe6295a2bc5afe
generated: "2024-07-04T23:48:20.148069629Z"
