dependencies:
- name: test-base
  repository: https://pluralsh.github.io/module-library
  version: 0.1.10
- name: controller
  repository: file://../../../charts/controller
  version: 0.0.39
- name: kubernetes-dashboard
  repository: https://kubernetes.github.io/dashboard
  version: 7.3.2
digest: sha256:d579f1d93372c853dfdacdde4c27bbea6c2610eac5b9b88e1a95e50e2b19a77a
generated: "2024-04-30T01:04:04.438411999Z"
