dependencies:
- name: controller
  repository: file://../controller
  version: 0.0.213
- name: flux2
  repository: https://fluxcd-community.github.io/helm-charts
  version: 2.14.1
- name: dex
  repository: https://charts.dexidp.io
  version: 0.24.0
- name: common
  repository: https://charts.bitnami.com/bitnami
  version: 2.34.0
digest: sha256:f4afdb103bc904073a2943c43dd87feab558851c153cdd3c4b1de4d05e6ac65c
generated: "2026-09-21T15:28:30.168950415Z"
