dependencies:
- name: controller
  repository: file://../controller
  version: 0.0.197
- name: flux2
  repository: https://fluxcd-community.github.io/helm-charts
  version: 2.14.1
- name: dex
  repository: https://charts.dexidp.io
  version: 0.24.0
- name: common
  repository: https://charts.bitnami.com/bitnami
  version: 2.34.0
digest: sha256:34e72d9f42d465f28aede49216f0e390fafd18c3a5d3aa3dd5e20ce92e4c656a
generated: "2026-07-11T00:10:08.912148122Z"
