dependencies:
- name: kas
  repository: file://../../plural/helm/kas
  version: 0.1.0
- name: controller
  repository: file://../controller
  version: 0.0.76
- name: kubernetes-dashboard
  repository: https://kubernetes.github.io/dashboard
  version: 7.6.1
- name: flux2
  repository: https://fluxcd-community.github.io/helm-charts
  version: 2.11.1
digest: sha256:01d41e2dc96658e47342ef000bb6382414a8d959ac9287ab9dad20c9f28eb2c4
generated: "2024-09-16T10:54:42.382873+02:00"
