dependencies:
- name: kas
  repository: file://../../plural/helm/kas
  version: 0.1.0
- name: controller
  repository: file://../controller
  version: 0.0.83
- name: kubernetes-dashboard
  repository: https://kubernetes.github.io/dashboard
  version: 7.6.1
- name: flux2
  repository: https://fluxcd-community.github.io/helm-charts
  version: 2.11.1
digest: sha256:d2b4a99e93e081e0ea33dd9237023b8863e54027a55b13e40eb34361475f65fd
generated: "2024-10-03T01:02:04.783517771Z"
