dependencies:
- name: kas
  repository: file://../../plural/helm/kas
  version: 0.0.6
- name: controller
  repository: file://../controller
  version: 0.0.27
- name: flux2
  repository: https://fluxcd-community.github.io/helm-charts
  version: 2.11.1
digest: sha256:ebf796ce88192fff9cd33da3e4f0e05d72d0d1e821b051165583fd7089452b79
generated: "2024-03-27T15:51:45.341997712Z"
