dependencies:
- name: velero
  repository: https://vmware-tanzu.github.io/helm-charts
  version: 5.2.2
- name: s3-proxy
  repository: https://radar-base.github.io/radar-helm-charts
  version: 0.3.1
digest: sha256:129f21ba68693973b9dfd73c266a21a41275e8b7a50794aa649684c897c0f638
generated: "2024-01-24T10:49:52.567595+01:00"
